
Microsoft Visual Studio Solution File, Format Version 12.00
# Visual Studio Version 16
VisualStudioVersion = 16.0.28729.10
MinimumVisualStudioVersion = 10.0.40219.1
Project("{9A19103F-16F7-4668-BE54-9A1E7A4F7556}") = "ShopeTolos", "ShopeTolos\ShopeTolos.csproj", "{EAE72756-99BB-4EB0-B3A9-A3BF7E894641}"
EndProject
Project("{FAE04EC0-301F-11D3-BF4B-00C04F79EFBC}") = "DBOTool", "DBOTool\DBOTool.csproj", "{0819540A-5B42-4118-9648-CD995F3E3F34}"
EndProject
Global
	GlobalSection(SolutionConfigurationPlatforms) = preSolution
		Debug|Any CPU = Debug|Any CPU
		Release|Any CPU = Release|Any CPU
	EndGlobalSection
	GlobalSection(ProjectConfigurationPlatforms) = postSolution
		{EAE72756-99BB-4EB0-B3A9-A3BF7E894641}.Debug|Any CPU.ActiveCfg = Debug|Any CPU
		{EAE72756-99BB-4EB0-B3A9-A3BF7E894641}.Debug|Any CPU.Build.0 = Debug|Any CPU
		{EAE72756-99BB-4EB0-B3A9-A3BF7E894641}.Release|Any CPU.ActiveCfg = Release|Any CPU
		{EAE72756-99BB-4EB0-B3A9-A3BF7E894641}.Release|Any CPU.Build.0 = Release|Any CPU
		{0819540A-5B42-4118-9648-CD995F3E3F34}.Debug|Any CPU.ActiveCfg = Debug|Any CPU
		{0819540A-5B42-4118-9648-CD995F3E3F34}.Debug|Any CPU.Build.0 = Debug|Any CPU
		{0819540A-5B42-4118-9648-CD995F3E3F34}.Release|Any CPU.ActiveCfg = Release|Any CPU
		{0819540A-5B42-4118-9648-CD995F3E3F34}.Release|Any CPU.Build.0 = Release|Any CPU
	EndGlobalSection
	GlobalSection(SolutionProperties) = preSolution
		HideSolutionNode = FALSE
	EndGlobalSection
	GlobalSection(ExtensibilityGlobals) = postSolution
		SolutionGuid = {86737ECA-020C-435E-98B4-80934180472A}
	EndGlobalSection
EndGlobal
